
Microsoft Visual Studio Solution File, Format Version 12.00
# Visual Studio Version 17
VisualStudioVersion = 17.12.35527.113
MinimumVisualStudioVersion = 10.0.40219.1
Project("{FAE04EC0-301F-11D3-BF4B-00C04F79EFBC}") = "BlazorWebApp", "BlazorWebApp\BlazorWebApp.csproj", "{AF3AB051-EB65-47AA-983A-1CBB540A4B29}"
EndProject
Project("{FAE04EC0-301F-11D3-BF4B-00C04F79EFBC}") = "OLTPSystem", "OLTPSystem\OLTPSystem.csproj", "{7EEA579F-41EE-4C2A-B533-0D7E9F3A1C46}"
EndProject
Global
	GlobalSection(SolutionConfigurationPlatforms) = preSolution
		Debug|Any CPU = Debug|Any CPU
		Release|Any CPU = Release|Any CPU
	EndGlobalSection
	GlobalSection(ProjectConfigurationPlatforms) = postSolution
		{AF3AB051-EB65-47AA-983A-1CBB540A4B29}.Debug|Any CPU.ActiveCfg = Debug|Any CPU
		{AF3AB051-EB65-47AA-983A-1CBB540A4B29}.Debug|Any CPU.Build.0 = Debug|Any CPU
		{AF3AB051-EB65-47AA-983A-1CBB540A4B29}.Release|Any CPU.ActiveCfg = Release|Any CPU
		{AF3AB051-EB65-47AA-983A-1CBB540A4B29}.Release|Any CPU.Build.0 = Release|Any CPU
		{7EEA579F-41EE-4C2A-B533-0D7E9F3A1C46}.Debug|Any CPU.ActiveCfg = Debug|Any CPU
		{7EEA579F-41EE-4C2A-B533-0D7E9F3A1C46}.Debug|Any CPU.Build.0 = Debug|Any CPU
		{7EEA579F-41EE-4C2A-B533-0D7E9F3A1C46}.Release|Any CPU.ActiveCfg = Release|Any CPU
		{7EEA579F-41EE-4C2A-B533-0D7E9F3A1C46}.Release|Any CPU.Build.0 = Release|Any CPU
	EndGlobalSection
	GlobalSection(SolutionProperties) = preSolution
		HideSolutionNode = FALSE
	EndGlobalSection
	GlobalSection(ExtensibilityGlobals) = postSolution
		SolutionGuid = {9877C25A-17F1-4D3C-AC13-C986330F9D6B}
	EndGlobalSection
EndGlobal
